
Microsoft Visual Studio Solution File, Format Version 12.00
# Visual Studio Version 17
VisualStudioVersion = 17.9.34723.18
MinimumVisualStudioVersion = 10.0.40219.1
Project("{FAE04EC0-301F-11D3-BF4B-00C04F79EFBC}") = "Lesson3StringArray", "Lesson3StringArray\Lesson3StringArray.csproj", "{4F94FE18-49F6-4797-9118-7A9EF1A2C6A2}"
EndProject
Global
	GlobalSection(SolutionConfigurationPlatforms) = preSolution
		Debug|Any CPU = Debug|Any CPU
		Release|Any CPU = Release|Any CPU
	EndGlobalSection
	GlobalSection(ProjectConfigurationPlatforms) = postSolution
		{4F94FE18-49F6-4797-9118-7A9EF1A2C6A2}.Debug|Any CPU.ActiveCfg = Debug|Any CPU
		{4F94FE18-49F6-4797-9118-7A9EF1A2C6A2}.Debug|Any CPU.Build.0 = Debug|Any CPU
		{4F94FE18-49F6-4797-9118-7A9EF1A2C6A2}.Release|Any CPU.ActiveCfg = Release|Any CPU
		{4F94FE18-49F6-4797-9118-7A9EF1A2C6A2}.Release|Any CPU.Build.0 = Release|Any CPU
	EndGlobalSection
	GlobalSection(SolutionProperties) = preSolution
		HideSolutionNode = FALSE
	EndGlobalSection
	GlobalSection(ExtensibilityGlobals) = postSolution
		SolutionGuid = {CA03DB5B-DAA7-49B8-B4BD-270C3610C251}
	EndGlobalSection
EndGlobal
