
Microsoft Visual Studio Solution File, Format Version 12.00
# Visual Studio Version 17
VisualStudioVersion = 17.9.34723.18
MinimumVisualStudioVersion = 10.0.40219.1
Project("{FAE04EC0-301F-11D3-BF4B-00C04F79EFBC}") = "ConsoleApp1", "ConsoleApp1\ConsoleApp1.csproj", "{079E98D2-2DB1-49DD-A434-46D4BC691B60}"
EndProject
Global
	GlobalSection(SolutionConfigurationPlatforms) = preSolution
		Debug|Any CPU = Debug|Any CPU
		Release|Any CPU = Release|Any CPU
	EndGlobalSection
	GlobalSection(ProjectConfigurationPlatforms) = postSolution
		{079E98D2-2DB1-49DD-A434-46D4BC691B60}.Debug|Any CPU.ActiveCfg = Debug|Any CPU
		{079E98D2-2DB1-49DD-A434-46D4BC691B60}.Debug|Any CPU.Build.0 = Debug|Any CPU
		{079E98D2-2DB1-49DD-A434-46D4BC691B60}.Release|Any CPU.ActiveCfg = Release|Any CPU
		{079E98D2-2DB1-49DD-A434-46D4BC691B60}.Release|Any CPU.Build.0 = Release|Any CPU
	EndGlobalSection
	GlobalSection(SolutionProperties) = preSolution
		HideSolutionNode = FALSE
	EndGlobalSection
	GlobalSection(ExtensibilityGlobals) = postSolution
		SolutionGuid = {708C5ED5-EC6D-47E5-897C-C87C3EBB7507}
	EndGlobalSection
EndGlobal
