
Microsoft Visual Studio Solution File, Format Version 12.00
# Visual Studio Version 17
VisualStudioVersion = 17.9.34723.18
MinimumVisualStudioVersion = 10.0.40219.1
Project("{FAE04EC0-301F-11D3-BF4B-00C04F79EFBC}") = "Lesson15Events", "Lesson15Events\Lesson15Events.csproj", "{6766628D-F4DB-49BE-994A-D558D4EA0C74}"
EndProject
Global
	GlobalSection(SolutionConfigurationPlatforms) = preSolution
		Debug|Any CPU = Debug|Any CPU
		Release|Any CPU = Release|Any CPU
	EndGlobalSection
	GlobalSection(ProjectConfigurationPlatforms) = postSolution
		{6766628D-F4DB-49BE-994A-D558D4EA0C74}.Debug|Any CPU.ActiveCfg = Debug|Any CPU
		{6766628D-F4DB-49BE-994A-D558D4EA0C74}.Debug|Any CPU.Build.0 = Debug|Any CPU
		{6766628D-F4DB-49BE-994A-D558D4EA0C74}.Release|Any CPU.ActiveCfg = Release|Any CPU
		{6766628D-F4DB-49BE-994A-D558D4EA0C74}.Release|Any CPU.Build.0 = Release|Any CPU
	EndGlobalSection
	GlobalSection(SolutionProperties) = preSolution
		HideSolutionNode = FALSE
	EndGlobalSection
	GlobalSection(ExtensibilityGlobals) = postSolution
		SolutionGuid = {D43E89EE-E7E8-4644-BDCD-7FFB9A55C2AA}
	EndGlobalSection
EndGlobal
