
Microsoft Visual Studio Solution File, Format Version 12.00
# Visual Studio Version 17
VisualStudioVersion = 17.9.34723.18
MinimumVisualStudioVersion = 10.0.40219.1
Project("{FAE04EC0-301F-11D3-BF4B-00C04F79EFBC}") = "Lesson8Delegates", "Lesson8Delegates\Lesson8Delegates.csproj", "{4FB44C07-BFD2-409B-A833-B309474A6C45}"
EndProject
Global
	GlobalSection(SolutionConfigurationPlatforms) = preSolution
		Debug|Any CPU = Debug|Any CPU
		Release|Any CPU = Release|Any CPU
	EndGlobalSection
	GlobalSection(ProjectConfigurationPlatforms) = postSolution
		{4FB44C07-BFD2-409B-A833-B309474A6C45}.Debug|Any CPU.ActiveCfg = Debug|Any CPU
		{4FB44C07-BFD2-409B-A833-B309474A6C45}.Debug|Any CPU.Build.0 = Debug|Any CPU
		{4FB44C07-BFD2-409B-A833-B309474A6C45}.Release|Any CPU.ActiveCfg = Release|Any CPU
		{4FB44C07-BFD2-409B-A833-B309474A6C45}.Release|Any CPU.Build.0 = Release|Any CPU
	EndGlobalSection
	GlobalSection(SolutionProperties) = preSolution
		HideSolutionNode = FALSE
	EndGlobalSection
	GlobalSection(ExtensibilityGlobals) = postSolution
		SolutionGuid = {4585B655-65E0-4317-B3E8-997B7307FE71}
	EndGlobalSection
EndGlobal
